
Microsoft Visual Studio Solution File, Format Version 12.00
# Visual Studio Version 17
VisualStudioVersion = 17.9.34622.214
MinimumVisualStudioVersion = 10.0.40219.1
Project("{FAE04EC0-301F-11D3-BF4B-00C04F79EFBC}") = "Namespaces", "Namespaces.csproj", "{8A8A77E3-B37E-4984-BBCD-387F4616DF53}"
EndProject
Global
	GlobalSection(SolutionConfigurationPlatforms) = preSolution
		Debug|Any CPU = Debug|Any CPU
		Release|Any CPU = Release|Any CPU
	EndGlobalSection
	GlobalSection(ProjectConfigurationPlatforms) = postSolution
		{8A8A77E3-B37E-4984-BBCD-387F4616DF53}.Debug|Any CPU.ActiveCfg = Debug|Any CPU
		{8A8A77E3-B37E-4984-BBCD-387F4616DF53}.Debug|Any CPU.Build.0 = Debug|Any CPU
		{8A8A77E3-B37E-4984-BBCD-387F4616DF53}.Release|Any CPU.ActiveCfg = Release|Any CPU
		{8A8A77E3-B37E-4984-BBCD-387F4616DF53}.Release|Any CPU.Build.0 = Release|Any CPU
	EndGlobalSection
	GlobalSection(SolutionProperties) = preSolution
		HideSolutionNode = FALSE
	EndGlobalSection
	GlobalSection(ExtensibilityGlobals) = postSolution
		SolutionGuid = {3E046B02-EE41-4954-9DCE-786B8071E8BE}
	EndGlobalSection
EndGlobal
